{
  "name": "workspace",
  "version": "1.0.0",
  "lockfileVersion": 3,
  "requires": true,
  "packages": {
    "": {
      "name": "workspace",
      "version": "1.0.0",
      "license": "ISC",
      "dependencies": {
        "pnpm": "^10.34.4"
      }
    },
    "node_modules/pnpm": {
      "version": "10.34.4",
      "resolved": "http://package-firewall.replit.local/npm/pnpm/-/pnpm-10.34.4.tgz",
      "integrity": "sha512-h2i+VSAK4/Iia2Un/Momh+FLxOXxLXchoPJdo99HkVF3BYZI20F3uvNIEg+guidS2NjZP2vq8f5krhjajelhrw==",
      "license": "MIT",
      "bin": {
        "pnpm": "bin/pnpm.cjs",
        "pnpx": "bin/pnpx.cjs"
      },
      "engines": {
        "node": ">=18.12"
      },
      "funding": {
        "url": "https://opencollective.com/pnpm"
      }
    }
  }
}
