lockfileVersion: '9.0'

settings:
  autoInstallPeers: true
  excludeLinksFromLockfile: false

importers:

  .:
    dependencies:
      pnpm:
        specifier: ^10.34.4
        version: 10.34.4

packages:

  pnpm@10.34.4:
    resolution: {integrity: sha512-h2i+VSAK4/Iia2Un/Momh+FLxOXxLXchoPJdo99HkVF3BYZI20F3uvNIEg+guidS2NjZP2vq8f5krhjajelhrw==}
    engines: {node: '>=18.12'}
    hasBin: true

snapshots:

  pnpm@10.34.4: {}
